
Microsoft Visual Studio Solution File, Format Version 12.00
# Visual Studio Version 17
VisualStudioVersion = 17.2.32630.192
MinimumVisualStudioVersion = 10.0.40219.1
Project("{9A19103F-16F7-4668-BE54-9A1E7A4F7556}") = "Techarria", "Techarria.csproj", "{003498D7-4F21-4804-A0F3-2F141CDDDF57}"
EndProject
Global
	GlobalSection(SolutionConfigurationPlatforms) = preSolution
		Debug|Any CPU = Debug|Any CPU
		Release|Any CPU = Release|Any CPU
	EndGlobalSection
	GlobalSection(ProjectConfigurationPlatforms) = postSolution
		{003498D7-4F21-4804-A0F3-2F141CDDDF57}.Debug|Any CPU.ActiveCfg = Debug|Any CPU
		{003498D7-4F21-4804-A0F3-2F141CDDDF57}.Debug|Any CPU.Build.0 = Debug|Any CPU
		{003498D7-4F21-4804-A0F3-2F141CDDDF57}.Release|Any CPU.ActiveCfg = Release|Any CPU
		{003498D7-4F21-4804-A0F3-2F141CDDDF57}.Release|Any CPU.Build.0 = Release|Any CPU
	EndGlobalSection
	GlobalSection(SolutionProperties) = preSolution
		HideSolutionNode = FALSE
	EndGlobalSection
	GlobalSection(ExtensibilityGlobals) = postSolution
		SolutionGuid = {BEE2CB39-D1EF-4421-8EBC-BB8DF7CD8ED6}
	EndGlobalSection
EndGlobal
