
Microsoft Visual Studio Solution File, Format Version 12.00
# Visual Studio Version 17
VisualStudioVersion = 17.2.32630.192
MinimumVisualStudioVersion = 10.0.40219.1
Project("{9A19103F-16F7-4668-BE54-9A1E7A4F7556}") = "techarria", "techarria.csproj", "{C26D5ACE-3075-4461-AB20-0C0A3DDE1145}"
EndProject
Global
	GlobalSection(SolutionConfigurationPlatforms) = preSolution
		Debug|Any CPU = Debug|Any CPU
		Release|Any CPU = Release|Any CPU
	EndGlobalSection
	GlobalSection(ProjectConfigurationPlatforms) = postSolution
		{C26D5ACE-3075-4461-AB20-0C0A3DDE1145}.Debug|Any CPU.ActiveCfg = Debug|Any CPU
		{C26D5ACE-3075-4461-AB20-0C0A3DDE1145}.Debug|Any CPU.Build.0 = Debug|Any CPU
		{C26D5ACE-3075-4461-AB20-0C0A3DDE1145}.Release|Any CPU.ActiveCfg = Release|Any CPU
		{C26D5ACE-3075-4461-AB20-0C0A3DDE1145}.Release|Any CPU.Build.0 = Release|Any CPU
	EndGlobalSection
	GlobalSection(SolutionProperties) = preSolution
		HideSolutionNode = FALSE
	EndGlobalSection
	GlobalSection(ExtensibilityGlobals) = postSolution
		SolutionGuid = {832A5F06-8D7C-4D1D-A6AD-1DDB4DF19C3E}
	EndGlobalSection
EndGlobal
